
Microsoft Visual Studio Solution File, Format Version 12.00
# Visual Studio Version 16
VisualStudioVersion = 16.0.30907.101
MinimumVisualStudioVersion = 10.0.40219.1
Project("{FAE04EC0-301F-11D3-BF4B-00C04F79EFBC}") = "MyLove.Android", "MyLove\MyLove.Android\MyLove.Android.csproj", "{F7D9245B-67E7-41C5-8B51-3896B2E8E416}"
EndProject
Project("{FAE04EC0-301F-11D3-BF4B-00C04F79EFBC}") = "MyLove", "MyLove\MyLove\MyLove.csproj", "{62AFC922-8A6C-4D2F-9FE1-98D1B7959DA8}"
EndProject
Global
	GlobalSection(SolutionConfigurationPlatforms) = preSolution
		Debug|Any CPU = Debug|Any CPU
		Release|Any CPU = Release|Any CPU
	EndGlobalSection
	GlobalSection(ProjectConfigurationPlatforms) = postSolution
		{F7D9245B-67E7-41C5-8B51-3896B2E8E416}.Debug|Any CPU.ActiveCfg = Debug|Any CPU
		{F7D9245B-67E7-41C5-8B51-3896B2E8E416}.Debug|Any CPU.Build.0 = Debug|Any CPU
		{F7D9245B-67E7-41C5-8B51-3896B2E8E416}.Debug|Any CPU.Deploy.0 = Debug|Any CPU
		{F7D9245B-67E7-41C5-8B51-3896B2E8E416}.Release|Any CPU.ActiveCfg = Release|Any CPU
		{F7D9245B-67E7-41C5-8B51-3896B2E8E416}.Release|Any CPU.Build.0 = Release|Any CPU
		{F7D9245B-67E7-41C5-8B51-3896B2E8E416}.Release|Any CPU.Deploy.0 = Release|Any CPU
		{62AFC922-8A6C-4D2F-9FE1-98D1B7959DA8}.Debug|Any CPU.ActiveCfg = Debug|Any CPU
		{62AFC922-8A6C-4D2F-9FE1-98D1B7959DA8}.Debug|Any CPU.Build.0 = Debug|Any CPU
		{62AFC922-8A6C-4D2F-9FE1-98D1B7959DA8}.Debug|Any CPU.Deploy.0 = Debug|Any CPU
		{62AFC922-8A6C-4D2F-9FE1-98D1B7959DA8}.Release|Any CPU.ActiveCfg = Release|Any CPU
		{62AFC922-8A6C-4D2F-9FE1-98D1B7959DA8}.Release|Any CPU.Build.0 = Release|Any CPU
		{62AFC922-8A6C-4D2F-9FE1-98D1B7959DA8}.Release|Any CPU.Deploy.0 = Release|Any CPU
	EndGlobalSection
	GlobalSection(SolutionProperties) = preSolution
		HideSolutionNode = FALSE
	EndGlobalSection
	GlobalSection(ExtensibilityGlobals) = postSolution
		SolutionGuid = {AC390AF4-4078-4528-B145-CD5AF63AEFDC}
	EndGlobalSection
EndGlobal
